
Microsoft Visual Studio Solution File, Format Version 12.00
# Visual Studio Version 17
VisualStudioVersion = 17.3.32929.385
MinimumVisualStudioVersion = 10.0.40219.1
Project("{FAE04EC0-301F-11D3-BF4B-00C04F79EFBC}") = "Drzewo", "Drzewo\Drzewo.csproj", "{3FA09F4A-80DD-42BE-8724-680A66216282}"
EndProject
Global
	GlobalSection(SolutionConfigurationPlatforms) = preSolution
		Debug|Any CPU = Debug|Any CPU
		Release|Any CPU = Release|Any CPU
	EndGlobalSection
	GlobalSection(ProjectConfigurationPlatforms) = postSolution
		{3FA09F4A-80DD-42BE-8724-680A66216282}.Debug|Any CPU.ActiveCfg = Debug|Any CPU
		{3FA09F4A-80DD-42BE-8724-680A66216282}.Debug|Any CPU.Build.0 = Debug|Any CPU
		{3FA09F4A-80DD-42BE-8724-680A66216282}.Release|Any CPU.ActiveCfg = Release|Any CPU
		{3FA09F4A-80DD-42BE-8724-680A66216282}.Release|Any CPU.Build.0 = Release|Any CPU
	EndGlobalSection
	GlobalSection(SolutionProperties) = preSolution
		HideSolutionNode = FALSE
	EndGlobalSection
	GlobalSection(ExtensibilityGlobals) = postSolution
		SolutionGuid = {B192253F-0062-40C0-B26A-59D85F4C7439}
	EndGlobalSection
EndGlobal
